
Microsoft Visual Studio Solution File, Format Version 12.00
# Visual Studio 15
VisualStudioVersion = 15.0.28010.2026
MinimumVisualStudioVersion = 10.0.40219.1
Project("{888888A0-9F3D-457C-B088-3A5042F75D52}") = "LinearSearchUsingPython", "LinearSearchUsingPython\LinearSearchUsingPython.pyproj", "{A040D912-E144-443A-A538-CC2FBD3FFDCC}"
EndProject
Global
	GlobalSection(SolutionConfigurationPlatforms) = preSolution
		Debug|Any CPU = Debug|Any CPU
		Release|Any CPU = Release|Any CPU
	EndGlobalSection
	GlobalSection(ProjectConfigurationPlatforms) = postSolution
		{A040D912-E144-443A-A538-CC2FBD3FFDCC}.Debug|Any CPU.ActiveCfg = Debug|Any CPU
		{A040D912-E144-443A-A538-CC2FBD3FFDCC}.Release|Any CPU.ActiveCfg = Release|Any CPU
	EndGlobalSection
	GlobalSection(SolutionProperties) = preSolution
		HideSolutionNode = FALSE
	EndGlobalSection
	GlobalSection(ExtensibilityGlobals) = postSolution
		SolutionGuid = {D8657DB3-CE24-4B85-9CB8-0710AB7CA6F8}
	EndGlobalSection
EndGlobal
